// !$*UTF8*$!
{
	archiveVersion = 1;
	classes = {
	};
	objectVersion = 50;
	objects = {

/* Begin PBXBuildFile section */
		075F86B9A1FFBCBA01B8E66B /* libPods-BooNap-BooNapUITests.a in Frameworks */ = {isa = PBXBuildFile; fileRef = 4A6927C64526695AFA96BECB /* libPods-BooNap-BooNapUITests.a */; };
		1053747778A2461C4D98B4B4 /* libPods-BooNapTests.a in Frameworks */ = {isa = PBXBuildFile; fileRef = 4868BC0D8EBC39F9AE1ED69C /* libPods-BooNapTests.a */; };
		A7183C642719668400CDB3A9 /* ScrollableView.swift in Sources */ = {isa = PBXBuildFile; fileRef = A7183C632719668400CDB3A9 /* ScrollableView.swift */; };
		A7444F9027256538008C9688 /* WaterLevel.swift in Sources */ = {isa = PBXBuildFile; fileRef = A7444F8F27256538008C9688 /* WaterLevel.swift */; };
		A7A9D6EF2721DA5F00295460 /* 11813-bubbles.json in Resources */ = {isa = PBXBuildFile; fileRef = A7A9D6EE2721DA5F00295460 /* 11813-bubbles.json */; };
		A7B27D39271884690063AE3B /* BooNapApp.swift in Sources */ = {isa = PBXBuildFile; fileRef = A7B27D38271884690063AE3B /* BooNapApp.swift */; };
		A7B27D3B271884690063AE3B /* ContentView.swift in Sources */ = {isa = PBXBuildFile; fileRef = A7B27D3A271884690063AE3B /* ContentView.swift */; };
		A7B27D3D2718846C0063AE3B /* Assets.xcassets in Resources */ = {isa = PBXBuildFile; fileRef = A7B27D3C2718846C0063AE3B /* Assets.xcassets */; };
		A7B27D402718846C0063AE3B /* Preview Assets.xcassets in Resources */ = {isa = PBXBuildFile; fileRef = A7B27D3F2718846C0063AE3B /* Preview Assets.xcassets */; };
		A7B27D4B2718846C0063AE3B /* BooNapTests.swift in Sources */ = {isa = PBXBuildFile; fileRef = A7B27D4A2718846C0063AE3B /* BooNapTests.swift */; };
		A7B27D562718846C0063AE3B /* BooNapUITests.swift in Sources */ = {isa = PBXBuildFile; fileRef = A7B27D552718846C0063AE3B /* BooNapUITests.swift */; };
		A7B27D642718874A0063AE3B /* LottieView.swift in Sources */ = {isa = PBXBuildFile; fileRef = A7B27D632718874A0063AE3B /* LottieView.swift */; };
		A7B27D6A271889950063AE3B /* 78292-water-wave-animation.json in Resources */ = {isa = PBXBuildFile; fileRef = A7B27D65271889950063AE3B /* 78292-water-wave-animation.json */; };
		A7B27D6B271889950063AE3B /* 77378-sunset.json in Resources */ = {isa = PBXBuildFile; fileRef = A7B27D66271889950063AE3B /* 77378-sunset.json */; };
		A7B27D6C271889950063AE3B /* 211009-boonap-proto.json in Resources */ = {isa = PBXBuildFile; fileRef = A7B27D67271889950063AE3B /* 211009-boonap-proto.json */; };
		A7B27D6D271889950063AE3B /* 37384-background-animation-of-love-sign.json in Resources */ = {isa = PBXBuildFile; fileRef = A7B27D68271889950063AE3B /* 37384-background-animation-of-love-sign.json */; };
		A7B27D6E271889950063AE3B /* 18979-boat-on-peaceful-water.json in Resources */ = {isa = PBXBuildFile; fileRef = A7B27D69271889950063AE3B /* 18979-boat-on-peaceful-water.json */; };
		A7E0EFD02720930C00CC08A4 /* LiquedSwipe.swift in Sources */ = {isa = PBXBuildFile; fileRef = A7E0EFCF2720930C00CC08A4 /* LiquedSwipe.swift */; };
		A7F3FD79271ACBCA0022B2D6 /* 30221-bubbles.json in Resources */ = {isa = PBXBuildFile; fileRef = A7F3FD78271ACBCA0022B2D6 /* 30221-bubbles.json */; };
		AE87D05EE5D36AB7B8EA408B /* libPods-BooNap.a in Frameworks */ = {isa = PBXBuildFile; fileRef = 58AD942FBB5110B8CD4A2C59 /* libPods-BooNap.a */; };
/* End PBXBuildFile section */

/* Begin PBXContainerItemProxy section */
		A7B27D472718846C0063AE3B /* PBXContainerItemProxy */ = {
			isa = PBXContainerItemProxy;
			containerPortal = A7B27D2D271884690063AE3B /* Project object */;
			proxyType = 1;
			remoteGlobalIDString = A7B27D34271884690063AE3B;
			remoteInfo = BooNap;
		};
		A7B27D522718846C0063AE3B /* PBXContainerItemProxy */ = {
			isa = PBXContainerItemProxy;
			containerPortal = A7B27D2D271884690063AE3B /* Project object */;
			proxyType = 1;
			remoteGlobalIDString = A7B27D34271884690063AE3B;
			remoteInfo = BooNap;
		};
/* End PBXContainerItemProxy section */

/* Begin PBXFileReference section */
		1A1926AC4655ACA9D176ADF1 /* Pods-BooNap-BooNapUITests.release.xcconfig */ = {isa = PBXFileReference; includeInIndex = 1; lastKnownFileType = text.xcconfig; name = "Pods-BooNap-BooNapUITests.release.xcconfig"; path = "Target Support Files/Pods-BooNap-BooNapUITests/Pods-BooNap-BooNapUITests.release.xcconfig"; sourceTree = "<group>"; };
		2FEA093C74489A4DB8155A3F /* Pods-BooNapTests.release.xcconfig */ = {isa = PBXFileReference; includeInIndex = 1; lastKnownFileType = text.xcconfig; name = "Pods-BooNapTests.release.xcconfig"; path = "Target Support Files/Pods-BooNapTests/Pods-BooNapTests.release.xcconfig"; sourceTree = "<group>"; };
		4868BC0D8EBC39F9AE1ED69C /* libPods-BooNapTests.a */ = {isa = PBXFileReference; explicitFileType = archive.ar; includeInIndex = 0; path = "libPods-BooNapTests.a"; sourceTree = BUILT_PRODUCTS_DIR; };
		4A6927C64526695AFA96BECB /* libPods-BooNap-BooNapUITests.a */ = {isa = PBXFileReference; explicitFileType = archive.ar; includeInIndex = 0; path = "libPods-BooNap-BooNapUITests.a"; sourceTree = BUILT_PRODUCTS_DIR; };
		56324329A64EBA6C9AFB0A79 /* Pods-BooNapTests.debug.xcconfig */ = {isa = PBXFileReference; includeInIndex = 1; lastKnownFileType = text.xcconfig; name = "Pods-BooNapTests.debug.xcconfig"; path = "Target Support Files/Pods-BooNapTests/Pods-BooNapTests.debug.xcconfig"; sourceTree = "<group>"; };
		58AD942FBB5110B8CD4A2C59 /* libPods-BooNap.a */ = {isa = PBXFileReference; explicitFileType = archive.ar; includeInIndex = 0; path = "libPods-BooNap.a"; sourceTree = BUILT_PRODUCTS_DIR; };
		A7183C632719668400CDB3A9 /* ScrollableView.swift */ = {isa = PBXFileReference; lastKnownFileType = sourcecode.swift; path = ScrollableView.swift; sourceTree = "<group>"; };
		A7444F8F27256538008C9688 /* WaterLevel.swift */ = {isa = PBXFileReference; lastKnownFileType = sourcecode.swift; path = WaterLevel.swift; sourceTree = "<group>"; };
		A7A9D6EE2721DA5F00295460 /* 11813-bubbles.json */ = {isa = PBXFileReference; fileEncoding = 4; lastKnownFileType = text.json; path = "11813-bubbles.json"; sourceTree = "<group>"; };
		A7B27D35271884690063AE3B /* BooNap.app */ = {isa = PBXFileReference; explicitFileType = wrapper.application; includeInIndex = 0; path = BooNap.app; sourceTree = BUILT_PRODUCTS_DIR; };
		A7B27D38271884690063AE3B /* BooNapApp.swift */ = {isa = PBXFileReference; lastKnownFileType = sourcecode.swift; path = BooNapApp.swift; sourceTree = "<group>"; };
		A7B27D3A271884690063AE3B /* ContentView.swift */ = {isa = PBXFileReference; lastKnownFileType = sourcecode.swift; path = ContentView.swift; sourceTree = "<group>"; };
		A7B27D3C2718846C0063AE3B /* Assets.xcassets */ = {isa = PBXFileReference; lastKnownFileType = folder.assetcatalog; path = Assets.xcassets; sourceTree = "<group>"; };
		A7B27D3F2718846C0063AE3B /* Preview Assets.xcassets */ = {isa = PBXFileReference; lastKnownFileType = folder.assetcatalog; path = "Preview Assets.xcassets"; sourceTree = "<group>"; };
		A7B27D412718846C0063AE3B /* Info.plist */ = {isa = PBXFileReference; lastKnownFileType = text.plist.xml; path = Info.plist; sourceTree = "<group>"; };
		A7B27D462718846C0063AE3B /* BooNapTests.xctest */ = {isa = PBXFileReference; explicitFileType = wrapper.cfbundle; includeInIndex = 0; path = BooNapTests.xctest; sourceTree = BUILT_PRODUCTS_DIR; };
		A7B27D4A2718846C0063AE3B /* BooNapTests.swift */ = {isa = PBXFileReference; lastKnownFileType = sourcecode.swift; path = BooNapTests.swift; sourceTree = "<group>"; };
		A7B27D4C2718846C0063AE3B /* Info.plist */ = {isa = PBXFileReference; lastKnownFileType = text.plist.xml; path = Info.plist; sourceTree = "<group>"; };
		A7B27D512718846C0063AE3B /* BooNapUITests.xctest */ = {isa = PBXFileReference; explicitFileType = wrapper.cfbundle; includeInIndex = 0; path = BooNapUITests.xctest; sourceTree = BUILT_PRODUCTS_DIR; };
		A7B27D552718846C0063AE3B /* BooNapUITests.swift */ = {isa = PBXFileReference; lastKnownFileType = sourcecode.swift; path = BooNapUITests.swift; sourceTree = "<group>"; };
		A7B27D572718846C0063AE3B /* Info.plist */ = {isa = PBXFileReference; lastKnownFileType = text.plist.xml; path = Info.plist; sourceTree = "<group>"; };
		A7B27D632718874A0063AE3B /* LottieView.swift */ = {isa = PBXFileReference; lastKnownFileType = sourcecode.swift; path = LottieView.swift; sourceTree = "<group>"; };
		A7B27D65271889950063AE3B /* 78292-water-wave-animation.json */ = {isa = PBXFileReference; fileEncoding = 4; lastKnownFileType = text.json; path = "78292-water-wave-animation.json"; sourceTree = "<group>"; };
		A7B27D66271889950063AE3B /* 77378-sunset.json */ = {isa = PBXFileReference; fileEncoding = 4; lastKnownFileType = text.json; path = "77378-sunset.json"; sourceTree = "<group>"; };
		A7B27D67271889950063AE3B /* 211009-boonap-proto.json */ = {isa = PBXFileReference; fileEncoding = 4; lastKnownFileType = text.json; path = "211009-boonap-proto.json"; sourceTree = "<group>"; };
		A7B27D68271889950063AE3B /* 37384-background-animation-of-love-sign.json */ = {isa = PBXFileReference; fileEncoding = 4; lastKnownFileType = text.json; path = "37384-background-animation-of-love-sign.json"; sourceTree = "<group>"; };
		A7B27D69271889950063AE3B /* 18979-boat-on-peaceful-water.json */ = {isa = PBXFileReference; fileEncoding = 4; lastKnownFileType = text.json; path = "18979-boat-on-peaceful-water.json"; sourceTree = "<group>"; };
		A7E0EFCF2720930C00CC08A4 /* LiquedSwipe.swift */ = {isa = PBXFileReference; lastKnownFileType = sourcecode.swift; path = LiquedSwipe.swift; sourceTree = "<group>"; };
		A7F3FD78271ACBCA0022B2D6 /* 30221-bubbles.json */ = {isa = PBXFileReference; fileEncoding = 4; lastKnownFileType = text.json; path = "30221-bubbles.json"; sourceTree = "<group>"; };
		AFD461DA119E0A67DB4388D5 /* Pods-BooNap-BooNapUITests.debug.xcconfig */ = {isa = PBXFileReference; includeInIndex = 1; lastKnownFileType = text.xcconfig; name = "Pods-BooNap-BooNapUITests.debug.xcconfig"; path = "Target Support Files/Pods-BooNap-BooNapUITests/Pods-BooNap-BooNapUITests.debug.xcconfig"; sourceTree = "<group>"; };
		B2BACE5B663D0CD7530F6CEE /* Pods-BooNap.debug.xcconfig */ = {isa = PBXFileReference; includeInIndex = 1; lastKnownFileType = text.xcconfig; name = "Pods-BooNap.debug.xcconfig"; path = "Target Support Files/Pods-BooNap/Pods-BooNap.debug.xcconfig"; sourceTree = "<group>"; };
		E0F5221F8157A495B7D1B024 /* Pods-BooNap.release.xcconfig */ = {isa = PBXFileReference; includeInIndex = 1; lastKnownFileType = text.xcconfig; name = "Pods-BooNap.release.xcconfig"; path = "Target Support Files/Pods-BooNap/Pods-BooNap.release.xcconfig"; sourceTree = "<group>"; };
/* End PBXFileReference section */

/* Begin PBXFrameworksBuildPhase section */
		A7B27D32271884690063AE3B /* Frameworks */ = {
			isa = PBXFrameworksBuildPhase;
			buildActionMask = 2147483647;
			files = (
				AE87D05EE5D36AB7B8EA408B /* libPods-BooNap.a in Frameworks */,
			);
			runOnlyForDeploymentPostprocessing = 0;
		};
		A7B27D432718846C0063AE3B /* Frameworks */ = {
			isa = PBXFrameworksBuildPhase;
			buildActionMask = 2147483647;
			files = (
				1053747778A2461C4D98B4B4 /* libPods-BooNapTests.a in Frameworks */,
			);
			runOnlyForDeploymentPostprocessing = 0;
		};
		A7B27D4E2718846C0063AE3B /* Frameworks */ = {
			isa = PBXFrameworksBuildPhase;
			buildActionMask = 2147483647;
			files = (
				075F86B9A1FFBCBA01B8E66B /* libPods-BooNap-BooNapUITests.a in Frameworks */,
			);
			runOnlyForDeploymentPostprocessing = 0;
		};
/* End PBXFrameworksBuildPhase section */

/* Begin PBXGroup section */
		7E93BF4E202C3A074C3B47D4 /* Frameworks */ = {
			isa = PBXGroup;
			children = (
				58AD942FBB5110B8CD4A2C59 /* libPods-BooNap.a */,
				4A6927C64526695AFA96BECB /* libPods-BooNap-BooNapUITests.a */,
				4868BC0D8EBC39F9AE1ED69C /* libPods-BooNapTests.a */,
			);
			name = Frameworks;
			sourceTree = "<group>";
		};
		A7B27D2C271884690063AE3B = {
			isa = PBXGroup;
			children = (
				A7B27D37271884690063AE3B /* BooNap */,
				A7B27D492718846C0063AE3B /* BooNapTests */,
				A7B27D542718846C0063AE3B /* BooNapUITests */,
				A7B27D36271884690063AE3B /* Products */,
				C5AFC6326F8EB5410DADAB0A /* Pods */,
				7E93BF4E202C3A074C3B47D4 /* Frameworks */,
			);
			sourceTree = "<group>";
		};
		A7B27D36271884690063AE3B /* Products */ = {
			isa = PBXGroup;
			children = (
				A7B27D35271884690063AE3B /* BooNap.app */,
				A7B27D462718846C0063AE3B /* BooNapTests.xctest */,
				A7B27D512718846C0063AE3B /* BooNapUITests.xctest */,
			);
			name = Products;
			sourceTree = "<group>";
		};
		A7B27D37271884690063AE3B /* BooNap */ = {
			isa = PBXGroup;
			children = (
				A7B27D38271884690063AE3B /* BooNapApp.swift */,
				A7B27D3A271884690063AE3B /* ContentView.swift */,
				A7E0EFCF2720930C00CC08A4 /* LiquedSwipe.swift */,
				A7183C632719668400CDB3A9 /* ScrollableView.swift */,
				A7B27D632718874A0063AE3B /* LottieView.swift */,
				A7B27D3C2718846C0063AE3B /* Assets.xcassets */,
				A7F3FD78271ACBCA0022B2D6 /* 30221-bubbles.json */,
				A7A9D6EE2721DA5F00295460 /* 11813-bubbles.json */,
				A7B27D69271889950063AE3B /* 18979-boat-on-peaceful-water.json */,
				A7B27D68271889950063AE3B /* 37384-background-animation-of-love-sign.json */,
				A7B27D66271889950063AE3B /* 77378-sunset.json */,
				A7B27D65271889950063AE3B /* 78292-water-wave-animation.json */,
				A7B27D67271889950063AE3B /* 211009-boonap-proto.json */,
				A7B27D412718846C0063AE3B /* Info.plist */,
				A7B27D3E2718846C0063AE3B /* Preview Content */,
				A7444F8F27256538008C9688 /* WaterLevel.swift */,
			);
			path = BooNap;
			sourceTree = "<group>";
		};
		A7B27D3E2718846C0063AE3B /* Preview Content */ = {
			isa = PBXGroup;
			children = (
				A7B27D3F2718846C0063AE3B /* Preview Assets.xcassets */,
			);
			path = "Preview Content";
			sourceTree = "<group>";
		};
		A7B27D492718846C0063AE3B /* BooNapTests */ = {
			isa = PBXGroup;
			children = (
				A7B27D4A2718846C0063AE3B /* BooNapTests.swift */,
				A7B27D4C2718846C0063AE3B /* Info.plist */,
			);
			path = BooNapTests;
			sourceTree = "<group>";
		};
		A7B27D542718846C0063AE3B /* BooNapUITests */ = {
			isa = PBXGroup;
			children = (
				A7B27D552718846C0063AE3B /* BooNapUITests.swift */,
				A7B27D572718846C0063AE3B /* Info.plist */,
			);
			path = BooNapUITests;
			sourceTree = "<group>";
		};
		C5AFC6326F8EB5410DADAB0A /* Pods */ = {
			isa = PBXGroup;
			children = (
				B2BACE5B663D0CD7530F6CEE /* Pods-BooNap.debug.xcconfig */,
				E0F5221F8157A495B7D1B024 /* Pods-BooNap.release.xcconfig */,
				AFD461DA119E0A67DB4388D5 /* Pods-BooNap-BooNapUITests.debug.xcconfig */,
				1A1926AC4655ACA9D176ADF1 /* Pods-BooNap-BooNapUITests.release.xcconfig */,
				56324329A64EBA6C9AFB0A79 /* Pods-BooNapTests.debug.xcconfig */,
				2FEA093C74489A4DB8155A3F /* Pods-BooNapTests.release.xcconfig */,
			);
			path = Pods;
			sourceTree = "<group>";
		};
/* End PBXGroup section */

/* Begin PBXNativeTarget section */
		A7B27D34271884690063AE3B /* BooNap */ = {
			isa = PBXNativeTarget;
			buildConfigurationList = A7B27D5A2718846C0063AE3B /* Build configuration list for PBXNativeTarget "BooNap" */;
			buildPhases = (
				CF9092CF223D02C96C6DF6EC /* [CP] Check Pods Manifest.lock */,
				A7B27D31271884690063AE3B /* Sources */,
				A7B27D32271884690063AE3B /* Frameworks */,
				A7B27D33271884690063AE3B /* Resources */,
			);
			buildRules = (
			);
			dependencies = (
			);
			name = BooNap;
			productName = BooNap;
			productReference = A7B27D35271884690063AE3B /* BooNap.app */;
			productType = "com.apple.product-type.application";
		};
		A7B27D452718846C0063AE3B /* BooNapTests */ = {
			isa = PBXNativeTarget;
			buildConfigurationList = A7B27D5D2718846C0063AE3B /* Build configuration list for PBXNativeTarget "BooNapTests" */;
			buildPhases = (
				9642CA1B6D6CCF772442E9D7 /* [CP] Check Pods Manifest.lock */,
				A7B27D422718846C0063AE3B /* Sources */,
				A7B27D432718846C0063AE3B /* Frameworks */,
				A7B27D442718846C0063AE3B /* Resources */,
			);
			buildRules = (
			);
			dependencies = (
				A7B27D482718846C0063AE3B /* PBXTargetDependency */,
			);
			name = BooNapTests;
			productName = BooNapTests;
			productReference = A7B27D462718846C0063AE3B /* BooNapTests.xctest */;
			productType = "com.apple.product-type.bundle.unit-test";
		};
		A7B27D502718846C0063AE3B /* BooNapUITests */ = {
			isa = PBXNativeTarget;
			buildConfigurationList = A7B27D602718846C0063AE3B /* Build configuration list for PBXNativeTarget "BooNapUITests" */;
			buildPhases = (
				8F71B83AC96C13B884482B58 /* [CP] Check Pods Manifest.lock */,
				A7B27D4D2718846C0063AE3B /* Sources */,
				A7B27D4E2718846C0063AE3B /* Frameworks */,
				A7B27D4F2718846C0063AE3B /* Resources */,
			);
			buildRules = (
			);
			dependencies = (
				A7B27D532718846C0063AE3B /* PBXTargetDependency */,
			);
			name = BooNapUITests;
			productName = BooNapUITests;
			productReference = A7B27D512718846C0063AE3B /* BooNapUITests.xctest */;
			productType = "com.apple.product-type.bundle.ui-testing";
		};
/* End PBXNativeTarget section */

/* Begin PBXProject section */
		A7B27D2D271884690063AE3B /* Project object */ = {
			isa = PBXProject;
			attributes = {
				LastSwiftUpdateCheck = 1250;
				LastUpgradeCheck = 1250;
				TargetAttributes = {
					A7B27D34271884690063AE3B = {
						CreatedOnToolsVersion = 12.5.1;
					};
					A7B27D452718846C0063AE3B = {
						CreatedOnToolsVersion = 12.5.1;
						TestTargetID = A7B27D34271884690063AE3B;
					};
					A7B27D502718846C0063AE3B = {
						CreatedOnToolsVersion = 12.5.1;
						TestTargetID = A7B27D34271884690063AE3B;
					};
				};
			};
			buildConfigurationList = A7B27D30271884690063AE3B /* Build configuration list for PBXProject "BooNap" */;
			compatibilityVersion = "Xcode 9.3";
			developmentRegion = en;
			hasScannedForEncodings = 0;
			knownRegions = (
				en,
				Base,
			);
			mainGroup = A7B27D2C271884690063AE3B;
			productRefGroup = A7B27D36271884690063AE3B /* Products */;
			projectDirPath = "";
			projectRoot = "";
			targets = (
				A7B27D34271884690063AE3B /* BooNap */,
				A7B27D452718846C0063AE3B /* BooNapTests */,
				A7B27D502718846C0063AE3B /* BooNapUITests */,
			);
		};
/* End PBXProject section */

/* Begin PBXResourcesBuildPhase section */
		A7B27D33271884690063AE3B /* Resources */ = {
			isa = PBXResourcesBuildPhase;
			buildActionMask = 2147483647;
			files = (
				A7B27D6D271889950063AE3B /* 37384-background-animation-of-love-sign.json in Resources */,
				A7B27D6B271889950063AE3B /* 77378-sunset.json in Resources */,
				A7B27D6A271889950063AE3B /* 78292-water-wave-animation.json in Resources */,
				A7B27D6E271889950063AE3B /* 18979-boat-on-peaceful-water.json in Resources */,
				A7B27D402718846C0063AE3B /* Preview Assets.xcassets in Resources */,
				A7A9D6EF2721DA5F00295460 /* 11813-bubbles.json in Resources */,
				A7B27D6C271889950063AE3B /* 211009-boonap-proto.json in Resources */,
				A7F3FD79271ACBCA0022B2D6 /* 30221-bubbles.json in Resources */,
				A7B27D3D2718846C0063AE3B /* Assets.xcassets in Resources */,
			);
			runOnlyForDeploymentPostprocessing = 0;
		};
		A7B27D442718846C0063AE3B /* Resources */ = {
			isa = PBXResourcesBuildPhase;
			buildActionMask = 2147483647;
			files = (
			);
			runOnlyForDeploymentPostprocessing = 0;
		};
		A7B27D4F2718846C0063AE3B /* Resources */ = {
			isa = PBXResourcesBuildPhase;
			buildActionMask = 2147483647;
			files = (
			);
			runOnlyForDeploymentPostprocessing = 0;
		};
/* End PBXResourcesBuildPhase section */

/* Begin PBXShellScriptBuildPhase section */
		8F71B83AC96C13B884482B58 /* [CP] Check Pods Manifest.lock */ = {
			isa = PBXShellScriptBuildPhase;
			buildActionMask = 2147483647;
			files = (
			);
			inputFileListPaths = (
			);
			inputPaths = (
				"${PODS_PODFILE_DIR_PATH}/Podfile.lock",
				"${PODS_ROOT}/Manifest.lock",
			);
			name = "[CP] Check Pods Manifest.lock";
			outputFileListPaths = (
			);
			outputPaths = (
				"$(DERIVED_FILE_DIR)/Pods-BooNap-BooNapUITests-checkManifestLockResult.txt",
			);
			runOnlyForDeploymentPostprocessing = 0;
			shellPath = /bin/sh;
			shellScript = "diff \"${PODS_PODFILE_DIR_PATH}/Podfile.lock\" \"${PODS_ROOT}/Manifest.lock\" > /dev/null\nif [ $? != 0 ] ; then\n    # print error to STDERR\n    echo \"error: The sandbox is not in sync with the Podfile.lock. Run 'pod install' or update your CocoaPods installation.\" >&2\n    exit 1\nfi\n# This output is used by Xcode 'outputs' to avoid re-running this script phase.\necho \"SUCCESS\" > \"${SCRIPT_OUTPUT_FILE_0}\"\n";
			showEnvVarsInLog = 0;
		};
		9642CA1B6D6CCF772442E9D7 /* [CP] Check Pods Manifest.lock */ = {
			isa = PBXShellScriptBuildPhase;
			buildActionMask = 2147483647;
			files = (
			);
			inputFileListPaths = (
			);
			inputPaths = (
				"${PODS_PODFILE_DIR_PATH}/Podfile.lock",
				"${PODS_ROOT}/Manifest.lock",
			);
			name = "[CP] Check Pods Manifest.lock";
			outputFileListPaths = (
			);
			outputPaths = (
				"$(DERIVED_FILE_DIR)/Pods-BooNapTests-checkManifestLockResult.txt",
			);
			runOnlyForDeploymentPostprocessing = 0;
			shellPath = /bin/sh;
			shellScript = "diff \"${PODS_PODFILE_DIR_PATH}/Podfile.lock\" \"${PODS_ROOT}/Manifest.lock\" > /dev/null\nif [ $? != 0 ] ; then\n    # print error to STDERR\n    echo \"error: The sandbox is not in sync with the Podfile.lock. Run 'pod install' or update your CocoaPods installation.\" >&2\n    exit 1\nfi\n# This output is used by Xcode 'outputs' to avoid re-running this script phase.\necho \"SUCCESS\" > \"${SCRIPT_OUTPUT_FILE_0}\"\n";
			showEnvVarsInLog = 0;
		};
		CF9092CF223D02C96C6DF6EC /* [CP] Check Pods Manifest.lock */ = {
			isa = PBXShellScriptBuildPhase;
			buildActionMask = 2147483647;
			files = (
			);
			inputFileListPaths = (
			);
			inputPaths = (
				"${PODS_PODFILE_DIR_PATH}/Podfile.lock",
				"${PODS_ROOT}/Manifest.lock",
			);
			name = "[CP] Check Pods Manifest.lock";
			outputFileListPaths = (
			);
			outputPaths = (
				"$(DERIVED_FILE_DIR)/Pods-BooNap-checkManifestLockResult.txt",
			);
			runOnlyForDeploymentPostprocessing = 0;
			shellPath = /bin/sh;
			shellScript = "diff \"${PODS_PODFILE_DIR_PATH}/Podfile.lock\" \"${PODS_ROOT}/Manifest.lock\" > /dev/null\nif [ $? != 0 ] ; then\n    # print error to STDERR\n    echo \"error: The sandbox is not in sync with the Podfile.lock. Run 'pod install' or update your CocoaPods installation.\" >&2\n    exit 1\nfi\n# This output is used by Xcode 'outputs' to avoid re-running this script phase.\necho \"SUCCESS\" > \"${SCRIPT_OUTPUT_FILE_0}\"\n";
			showEnvVarsInLog = 0;
		};
/* End PBXShellScriptBuildPhase section */

/* Begin PBXSourcesBuildPhase section */
		A7B27D31271884690063AE3B /* Sources */ = {
			isa = PBXSourcesBuildPhase;
			buildActionMask = 2147483647;
			files = (
				A7444F9027256538008C9688 /* WaterLevel.swift in Sources */,
				A7B27D3B271884690063AE3B /* ContentView.swift in Sources */,
				A7183C642719668400CDB3A9 /* ScrollableView.swift in Sources */,
				A7E0EFD02720930C00CC08A4 /* LiquedSwipe.swift in Sources */,
				A7B27D39271884690063AE3B /* BooNapApp.swift in Sources */,
				A7B27D642718874A0063AE3B /* LottieView.swift in Sources */,
			);
			runOnlyForDeploymentPostprocessing = 0;
		};
		A7B27D422718846C0063AE3B /* Sources */ = {
			isa = PBXSourcesBuildPhase;
			buildActionMask = 2147483647;
			files = (
				A7B27D4B2718846C0063AE3B /* BooNapTests.swift in Sources */,
			);
			runOnlyForDeploymentPostprocessing = 0;
		};
		A7B27D4D2718846C0063AE3B /* Sources */ = {
			isa = PBXSourcesBuildPhase;
			buildActionMask = 2147483647;
			files = (
				A7B27D562718846C0063AE3B /* BooNapUITests.swift in Sources */,
			);
			runOnlyForDeploymentPostprocessing = 0;
		};
/* End PBXSourcesBuildPhase section */

/* Begin PBXTargetDependency section */
		A7B27D482718846C0063AE3B /* PBXTargetDependency */ = {
			isa = PBXTargetDependency;
			target = A7B27D34271884690063AE3B /* BooNap */;
			targetProxy = A7B27D472718846C0063AE3B /* PBXContainerItemProxy */;
		};
		A7B27D532718846C0063AE3B /* PBXTargetDependency */ = {
			isa = PBXTargetDependency;
			target = A7B27D34271884690063AE3B /* BooNap */;
			targetProxy = A7B27D522718846C0063AE3B /* PBXContainerItemProxy */;
		};
/* End PBXTargetDependency section */

/* Begin XCBuildConfiguration section */
		A7B27D582718846C0063AE3B /* Debug */ = {
			isa = XCBuildConfiguration;
			buildSettings = {
				ALWAYS_SEARCH_USER_PATHS = NO;
				CLANG_ANALYZER_NONNULL = YES;
				CLANG_ANALYZER_NUMBER_OBJECT_CONVERSION = YES_AGGRESSIVE;
				CLANG_CXX_LANGUAGE_STANDARD = "gnu++14";
				CLANG_CXX_LIBRARY = "libc++";
				CLANG_ENABLE_MODULES = YES;
				CLANG_ENABLE_OBJC_ARC = YES;
				CLANG_ENABLE_OBJC_WEAK = YES;
				CLANG_WARN_BLOCK_CAPTURE_AUTORELEASING = YES;
				CLANG_WARN_BOOL_CONVERSION = YES;
				CLANG_WARN_COMMA = YES;
				CLANG_WARN_CONSTANT_CONVERSION = YES;
				CLANG_WARN_DEPRECATED_OBJC_IMPLEMENTATIONS = YES;
				CLANG_WARN_DIRECT_OBJC_ISA_USAGE = YES_ERROR;
				CLANG_WARN_DOCUMENTATION_COMMENTS = YES;
				CLANG_WARN_EMPTY_BODY = YES;
				CLANG_WARN_ENUM_CONVERSION = YES;
				CLANG_WARN_INFINITE_RECURSION = YES;
				CLANG_WARN_INT_CONVERSION = YES;
				CLANG_WARN_NON_LITERAL_NULL_CONVERSION = YES;
				CLANG_WARN_OBJC_IMPLICIT_RETAIN_SELF = YES;
				CLANG_WARN_OBJC_LITERAL_CONVERSION = YES;
				CLANG_WARN_OBJC_ROOT_CLASS = YES_ERROR;
				CLANG_WARN_QUOTED_INCLUDE_IN_FRAMEWORK_HEADER = YES;
				CLANG_WARN_RANGE_LOOP_ANALYSIS = YES;
				CLANG_WARN_STRICT_PROTOTYPES = YES;
				CLANG_WARN_SUSPICIOUS_MOVE = YES;
				CLANG_WARN_UNGUARDED_AVAILABILITY = YES_AGGRESSIVE;
				CLANG_WARN_UNREACHABLE_CODE = YES;
				CLANG_WARN__DUPLICATE_METHOD_MATCH = YES;
				COPY_PHASE_STRIP = NO;
				DEBUG_INFORMATION_FORMAT = dwarf;
				ENABLE_STRICT_OBJC_MSGSEND = YES;
				ENABLE_TESTABILITY = YES;
				GCC_C_LANGUAGE_STANDARD = gnu11;
				GCC_DYNAMIC_NO_PIC = NO;
				GCC_NO_COMMON_BLOCKS = YES;
				GCC_OPTIMIZATION_LEVEL = 0;
				GCC_PREPROCESSOR_DEFINITIONS = (
					"DEBUG=1",
					"$(inherited)",
				);
				GCC_WARN_64_TO_32_BIT_CONVERSION = YES;
				GCC_WARN_ABOUT_RETURN_TYPE = YES_ERROR;
				GCC_WARN_UNDECLARED_SELECTOR = YES;
				GCC_WARN_UNINITIALIZED_AUTOS = YES_AGGRESSIVE;
				GCC_WARN_UNUSED_FUNCTION = YES;
				GCC_WARN_UNUSED_VARIABLE = YES;
				IPHONEOS_DEPLOYMENT_TARGET = 14.5;
				MTL_ENABLE_DEBUG_INFO = INCLUDE_SOURCE;
				MTL_FAST_MATH = YES;
				ONLY_ACTIVE_ARCH = YES;
				SDKROOT = iphoneos;
				SWIFT_ACTIVE_COMPILATION_CONDITIONS = DEBUG;
				SWIFT_OPTIMIZATION_LEVEL = "-Onone";
			};
			name = Debug;
		};
		A7B27D592718846C0063AE3B /* Release */ = {
			isa = XCBuildConfiguration;
			buildSettings = {
				ALWAYS_SEARCH_USER_PATHS = NO;
				CLANG_ANALYZER_NONNULL = YES;
				CLANG_ANALYZER_NUMBER_OBJECT_CONVERSION = YES_AGGRESSIVE;
				CLANG_CXX_LANGUAGE_STANDARD = "gnu++14";
				CLANG_CXX_LIBRARY = "libc++";
				CLANG_ENABLE_MODULES = YES;
				CLANG_ENABLE_OBJC_ARC = YES;
				CLANG_ENABLE_OBJC_WEAK = YES;
				CLANG_WARN_BLOCK_CAPTURE_AUTORELEASING = YES;
				CLANG_WARN_BOOL_CONVERSION = YES;
				CLANG_WARN_COMMA = YES;
				CLANG_WARN_CONSTANT_CONVERSION = YES;
				CLANG_WARN_DEPRECATED_OBJC_IMPLEMENTATIONS = YES;
				CLANG_WARN_DIRECT_OBJC_ISA_USAGE = YES_ERROR;
				CLANG_WARN_DOCUMENTATION_COMMENTS = YES;
				CLANG_WARN_EMPTY_BODY = YES;
				CLANG_WARN_ENUM_CONVERSION = YES;
				CLANG_WARN_INFINITE_RECURSION = YES;
				CLANG_WARN_INT_CONVERSION = YES;
				CLANG_WARN_NON_LITERAL_NULL_CONVERSION = YES;
				CLANG_WARN_OBJC_IMPLICIT_RETAIN_SELF = YES;
				CLANG_WARN_OBJC_LITERAL_CONVERSION = YES;
				CLANG_WARN_OBJC_ROOT_CLASS = YES_ERROR;
				CLANG_WARN_QUOTED_INCLUDE_IN_FRAMEWORK_HEADER = YES;
				CLANG_WARN_RANGE_LOOP_ANALYSIS = YES;
				CLANG_WARN_STRICT_PROTOTYPES = YES;
				CLANG_WARN_SUSPICIOUS_MOVE = YES;
				CLANG_WARN_UNGUARDED_AVAILABILITY = YES_AGGRESSIVE;
				CLANG_WARN_UNREACHABLE_CODE = YES;
				CLANG_WARN__DUPLICATE_METHOD_MATCH = YES;
				COPY_PHASE_STRIP = NO;
				DEBUG_INFORMATION_FORMAT = "dwarf-with-dsym";
				ENABLE_NS_ASSERTIONS = NO;
				ENABLE_STRICT_OBJC_MSGSEND = YES;
				GCC_C_LANGUAGE_STANDARD = gnu11;
				GCC_NO_COMMON_BLOCKS = YES;
				GCC_WARN_64_TO_32_BIT_CONVERSION = YES;
				GCC_WARN_ABOUT_RETURN_TYPE = YES_ERROR;
				GCC_WARN_UNDECLARED_SELECTOR = YES;
				GCC_WARN_UNINITIALIZED_AUTOS = YES_AGGRESSIVE;
				GCC_WARN_UNUSED_FUNCTION = YES;
				GCC_WARN_UNUSED_VARIABLE = YES;
				IPHONEOS_DEPLOYMENT_TARGET = 14.5;
				MTL_ENABLE_DEBUG_INFO = NO;
				MTL_FAST_MATH = YES;
				SDKROOT = iphoneos;
				SWIFT_COMPILATION_MODE = wholemodule;
				SWIFT_OPTIMIZATION_LEVEL = "-O";
				VALIDATE_PRODUCT = YES;
			};
			name = Release;
		};
		A7B27D5B2718846C0063AE3B /* Debug */ = {
			isa = XCBuildConfiguration;
			baseConfigurationReference = B2BACE5B663D0CD7530F6CEE /* Pods-BooNap.debug.xcconfig */;
			buildSettings = {
				ASSETCATALOG_COMPILER_APPICON_NAME = AppIcon;
				ASSETCATALOG_COMPILER_GLOBAL_ACCENT_COLOR_NAME = AccentColor;
				CODE_SIGN_STYLE = Automatic;
				DEVELOPMENT_ASSET_PATHS = "\"BooNap/Preview Content\"";
				DEVELOPMENT_TEAM = 35PKA72GH8;
				ENABLE_PREVIEWS = YES;
				INFOPLIST_FILE = BooNap/Info.plist;
				IPHONEOS_DEPLOYMENT_TARGET = 14.0;
				LD_RUNPATH_SEARCH_PATHS = (
					"$(inherited)",
					"@executable_path/Frameworks",
				);
				PRODUCT_BUNDLE_IDENTIFIER = JB.BooNap;
				PRODUCT_NAME = "$(TARGET_NAME)";
				SWIFT_VERSION = 5.0;
				TARGETED_DEVICE_FAMILY = "1,2";
			};
			name = Debug;
		};
		A7B27D5C2718846C0063AE3B /* Release */ = {
			isa = XCBuildConfiguration;
			baseConfigurationReference = E0F5221F8157A495B7D1B024 /* Pods-BooNap.release.xcconfig */;
			buildSettings = {
				ASSETCATALOG_COMPILER_APPICON_NAME = AppIcon;
				ASSETCATALOG_COMPILER_GLOBAL_ACCENT_COLOR_NAME = AccentColor;
				CODE_SIGN_STYLE = Automatic;
				DEVELOPMENT_ASSET_PATHS = "\"BooNap/Preview Content\"";
				DEVELOPMENT_TEAM = 35PKA72GH8;
				ENABLE_PREVIEWS = YES;
				INFOPLIST_FILE = BooNap/Info.plist;
				IPHONEOS_DEPLOYMENT_TARGET = 14.0;
				LD_RUNPATH_SEARCH_PATHS = (
					"$(inherited)",
					"@executable_path/Frameworks",
				);
				PRODUCT_BUNDLE_IDENTIFIER = JB.BooNap;
				PRODUCT_NAME = "$(TARGET_NAME)";
				SWIFT_VERSION = 5.0;
				TARGETED_DEVICE_FAMILY = "1,2";
			};
			name = Release;
		};
		A7B27D5E2718846C0063AE3B /* Debug */ = {
			isa = XCBuildConfiguration;
			baseConfigurationReference = 56324329A64EBA6C9AFB0A79 /* Pods-BooNapTests.debug.xcconfig */;
			buildSettings = {
				ALWAYS_EMBED_SWIFT_STANDARD_LIBRARIES = YES;
				BUNDLE_LOADER = "$(TEST_HOST)";
				CODE_SIGN_STYLE = Automatic;
				DEVELOPMENT_TEAM = 35PKA72GH8;
				INFOPLIST_FILE = BooNapTests/Info.plist;
				IPHONEOS_DEPLOYMENT_TARGET = 14.0;
				LD_RUNPATH_SEARCH_PATHS = (
					"$(inherited)",
					"@executable_path/Frameworks",
					"@loader_path/Frameworks",
				);
				PRODUCT_BUNDLE_IDENTIFIER = JB.BooNapTests;
				PRODUCT_NAME = "$(TARGET_NAME)";
				SWIFT_VERSION = 5.0;
				TARGETED_DEVICE_FAMILY = "1,2";
				TEST_HOST = "$(BUILT_PRODUCTS_DIR)/BooNap.app/BooNap";
			};
			name = Debug;
		};
		A7B27D5F2718846C0063AE3B /* Release */ = {
			isa = XCBuildConfiguration;
			baseConfigurationReference = 2FEA093C74489A4DB8155A3F /* Pods-BooNapTests.release.xcconfig */;
			buildSettings = {
				ALWAYS_EMBED_SWIFT_STANDARD_LIBRARIES = YES;
				BUNDLE_LOADER = "$(TEST_HOST)";
				CODE_SIGN_STYLE = Automatic;
				DEVELOPMENT_TEAM = 35PKA72GH8;
				INFOPLIST_FILE = BooNapTests/Info.plist;
				IPHONEOS_DEPLOYMENT_TARGET = 14.0;
				LD_RUNPATH_SEARCH_PATHS = (
					"$(inherited)",
					"@executable_path/Frameworks",
					"@loader_path/Frameworks",
				);
				PRODUCT_BUNDLE_IDENTIFIER = JB.BooNapTests;
				PRODUCT_NAME = "$(TARGET_NAME)";
				SWIFT_VERSION = 5.0;
				TARGETED_DEVICE_FAMILY = "1,2";
				TEST_HOST = "$(BUILT_PRODUCTS_DIR)/BooNap.app/BooNap";
			};
			name = Release;
		};
		A7B27D612718846C0063AE3B /* Debug */ = {
			isa = XCBuildConfiguration;
			baseConfigurationReference = AFD461DA119E0A67DB4388D5 /* Pods-BooNap-BooNapUITests.debug.xcconfig */;
			buildSettings = {
				ALWAYS_EMBED_SWIFT_STANDARD_LIBRARIES = YES;
				CODE_SIGN_STYLE = Automatic;
				DEVELOPMENT_TEAM = 35PKA72GH8;
				INFOPLIST_FILE = BooNapUITests/Info.plist;
				LD_RUNPATH_SEARCH_PATHS = (
					"$(inherited)",
					"@executable_path/Frameworks",
					"@loader_path/Frameworks",
				);
				PRODUCT_BUNDLE_IDENTIFIER = JB.BooNapUITests;
				PRODUCT_NAME = "$(TARGET_NAME)";
				SWIFT_VERSION = 5.0;
				TARGETED_DEVICE_FAMILY = "1,2";
				TEST_TARGET_NAME = BooNap;
			};
			name = Debug;
		};
		A7B27D622718846C0063AE3B /* Release */ = {
			isa = XCBuildConfiguration;
			baseConfigurationReference = 1A1926AC4655ACA9D176ADF1 /* Pods-BooNap-BooNapUITests.release.xcconfig */;
			buildSettings = {
				ALWAYS_EMBED_SWIFT_STANDARD_LIBRARIES = YES;
				CODE_SIGN_STYLE = Automatic;
				DEVELOPMENT_TEAM = 35PKA72GH8;
				INFOPLIST_FILE = BooNapUITests/Info.plist;
				LD_RUNPATH_SEARCH_PATHS = (
					"$(inherited)",
					"@executable_path/Frameworks",
					"@loader_path/Frameworks",
				);
				PRODUCT_BUNDLE_IDENTIFIER = JB.BooNapUITests;
				PRODUCT_NAME = "$(TARGET_NAME)";
				SWIFT_VERSION = 5.0;
				TARGETED_DEVICE_FAMILY = "1,2";
				TEST_TARGET_NAME = BooNap;
			};
			name = Release;
		};
/* End XCBuildConfiguration section */

/* Begin XCConfigurationList section */
		A7B27D30271884690063AE3B /* Build configuration list for PBXProject "BooNap" */ = {
			isa = XCConfigurationList;
			buildConfigurations = (
				A7B27D582718846C0063AE3B /* Debug */,
				A7B27D592718846C0063AE3B /* Release */,
			);
			defaultConfigurationIsVisible = 0;
			defaultConfigurationName = Release;
		};
		A7B27D5A2718846C0063AE3B /* Build configuration list for PBXNativeTarget "BooNap" */ = {
			isa = XCConfigurationList;
			buildConfigurations = (
				A7B27D5B2718846C0063AE3B /* Debug */,
				A7B27D5C2718846C0063AE3B /* Release */,
			);
			defaultConfigurationIsVisible = 0;
			defaultConfigurationName = Release;
		};
		A7B27D5D2718846C0063AE3B /* Build configuration list for PBXNativeTarget "BooNapTests" */ = {
			isa = XCConfigurationList;
			buildConfigurations = (
				A7B27D5E2718846C0063AE3B /* Debug */,
				A7B27D5F2718846C0063AE3B /* Release */,
			);
			defaultConfigurationIsVisible = 0;
			defaultConfigurationName = Release;
		};
		A7B27D602718846C0063AE3B /* Build configuration list for PBXNativeTarget "BooNapUITests" */ = {
			isa = XCConfigurationList;
			buildConfigurations = (
				A7B27D612718846C0063AE3B /* Debug */,
				A7B27D622718846C0063AE3B /* Release */,
			);
			defaultConfigurationIsVisible = 0;
			defaultConfigurationName = Release;
		};
/* End XCConfigurationList section */
	};
	rootObject = A7B27D2D271884690063AE3B /* Project object */;
}
